
Microsoft Visual Studio Solution File, Format Version 11.00
# Visual Studio 2010
Project("{FAE04EC0-301F-11D3-BF4B-00C04F79EFBC}") = "CatRunner 2 5", "Assembly-CSharp.csproj", "{E24422A6-A032-744F-6826-4C32A7A30E42}"
EndProject
Global
	GlobalSection(SolutionConfigurationPlatforms) = preSolution
		Debug|Any CPU = Debug|Any CPU
		Release|Any CPU = Release|Any CPU
	EndGlobalSection
	GlobalSection(ProjectConfigurationPlatforms) = postSolution
		{E24422A6-A032-744F-6826-4C32A7A30E42}.Debug|Any CPU.ActiveCfg = Debug|Any CPU
		{E24422A6-A032-744F-6826-4C32A7A30E42}.Debug|Any CPU.Build.0 = Debug|Any CPU
		{E24422A6-A032-744F-6826-4C32A7A30E42}.Release|Any CPU.ActiveCfg = Release|Any CPU
		{E24422A6-A032-744F-6826-4C32A7A30E42}.Release|Any CPU.Build.0 = Release|Any CPU
	EndGlobalSection
	GlobalSection(SolutionProperties) = preSolution
		HideSolutionNode = FALSE
	EndGlobalSection
	GlobalSection(MonoDevelopProperties) = preSolution
		StartupItem = Assembly-CSharp.csproj
	EndGlobalSection
EndGlobal
